# THIS IS AN AUTOGENERATED FILE. DO NOT EDIT THIS FILE DIRECTLY.
# yarn lockfile v1


"@babel/eslint-parser@^7.12.16":
  version "7.17.0"
  resolved "7.17.0"
  integrity sha512-PUEJ7ZBXbRkbq3qqM/jZ2nIuakUBqCYc7Qf52Lj7dlZ6zERnqisdHioL0l4wwQZnmskMeasqUNzLBFKs3nylXA==
  dependencies:
    eslint-scope "^5.1.1"
    eslint-visitor-keys "^2.1.0"
    semver "^6.3.0"

"@commitlint/config-conventional@15.0.0":
  version "16.2.1"
  resolved "16.2.1"
  integrity sha512-cP9gArx7gnaj4IqmtCIcHdRjTYdRUi6lmGE+lOzGGjGe45qGOS8nyQQNvkNy2Ey2VqoSWuXXkD8zCUh6EHf1Ww==
  dependencies:
    conventional-changelog-conventionalcommits "^4.3.1"

"@commitlint/config-conventional@^16.0.0":
  version "16.2.1"
  resolved "16.2.1"
  integrity sha512-cP9gArx7gnaj4IqmtCIcHdRjTYdRUi6lmGE+lOzGGjGe45qGOS8nyQQNvkNy2Ey2VqoSWuXXkD8zCUh6EHf1Ww==
  dependencies:
    conventional-changelog-conventionalcommits "^4.3.1"

"@eslint/eslintrc@^1.1.0":
  version "1.1.0"
  resolved "1.1.0"
  integrity sha512-C1DfL7XX4nPqGd6jcP01W9pVM1HYCuUkFk1432D7F0v3JSlUIeOYn9oCoi3eoLZ+iwBSb29BMFxxny0YrrEZqg==
  dependencies:
    ajv "^6.12.4"
    debug "^4.3.2"
    espree "^9.3.1"
    globals "^13.9.0"
    ignore "^4.0.6"
    import-fresh "^3.2.1"
    js-yaml "^4.1.0"
    minimatch "^3.0.4"
    strip-json-comments "^3.1.1"

"@octokit/openapi-types@^11.2.0":
  version "11.2.0"
  resolved "11.2.0"
  integrity sha512-PBsVO+15KSlGmiI8QAzaqvsNlZlrDlyAJYcrXBCvVUxCp7VnXjkwPoFHgjEJXx3WF9BAwkA6nfCUA7i9sODzKA==

"@prettier/plugin-php@^0.17.6":
  version "0.17.6"
  resolved "0.17.6"
  integrity sha512-Nxkq+Gl8bGbutRV7e3/p5d+Bcftn75oH61RT8xzk44T5ET7fVP50pUdaOdvt704GSNr6wwmfBW8MhBz5IKt+fA==
  dependencies:
    linguist-languages "^7.5.1"
    mem "^8.0.0"
    php-parser "https://github.com/glayzzle/php-parser#27abcb2337ac6450c068ef064982dfabf77916a5"

"@prettier/plugin-pug@^1.19.2":
  version "1.19.2"
  resolved "1.19.2"
  integrity sha512-Izo+m3pb15Ym7t3J+u22kun7bQXZOj+lAqkIc5ifxwd9En9OqcCShZz7eABORmzmY276IjSfY92Ijd23nLR68Q==
  dependencies:
    pug-lexer "^5.0.0"

"@prettier/plugin-ruby@^2.0.0":
  version "2.0.0"
  resolved "2.0.0"
  integrity sha512-pA0rjTi5J7cT86XPNhXp7CpdV2Tlyj5oqDIsnQRxMu2P7LY2KJI/pyOSM8pzTH8BgRyQfe1P1NPCcTwxUnUWtQ==
  dependencies:
    prettier ">=2.3.0"

"@prettier/plugin-xml@^1.0.2":
  version "1.2.0"
  resolved "1.2.0"
  integrity sha512-bFvVAZKs59XNmntYjyefn3K4TBykS6E+d6ZW8IcylAs88ZO+TzLhp0dPpi0VKfPzq1Nb+kpDnPRTiwb4zY6NgA==
  dependencies:
    "@xml-tools/parser" "^1.0.11"
    prettier ">=2.3"

"@types/eslint@^7.2.13":
  version "7.29.0"
  resolved "7.29.0"
  integrity sha512-VNcvioYDH8/FxaeTKkM4/TiTwt6pBV9E3OfGmvaw8tPl0rrHCJ4Ll15HRT+pMiFAf/MLQvAzC+6RzUMEL9Ceng==
  dependencies:
    "@types/estree" "*"
    "@types/json-schema" "*"

"@types/estree@*":
  version "0.0.51"
  resolved "0.0.51"
  integrity sha512-CuPgU6f3eT/XgKKPqKd/gLZV1Xmvf1a2R5POBOGQa6uv82xpls89HU5zKeVoyR8XzHd1RGNOlQlvUe3CFkjWNQ==

"@types/http-cache-semantics@*":
  version "4.0.1"
  resolved "4.0.1"
  integrity sha512-SZs7ekbP8CN0txVG2xVRH6EgKmEm31BOxA07vkFaETzZz1xh+cbt8BcI0slpymvwhx5dlFnQG2rTlPVQn+iRPQ==

"@types/istanbul-lib-coverage@*":
  version "2.0.4"
  resolved "2.0.4"
  integrity sha512-z/QT1XN4K4KYuslS23k62yDIDLwLFkzxOuMplDtObz0+y7VqJCaO2o+SPwHCvLFZh7xazvvoor2tA/hPz9ee7g==

"@types/istanbul-lib-coverage@^2.0.0":
  version "2.0.4"
  resolved "2.0.4"
  integrity sha512-z/QT1XN4K4KYuslS23k62yDIDLwLFkzxOuMplDtObz0+y7VqJCaO2o+SPwHCvLFZh7xazvvoor2tA/hPz9ee7g==

"@types/istanbul-lib-report@*":
  version "3.0.0"
  resolved "3.0.0"
  integrity sha512-plGgXAPfVKFoYfa9NpYDAkseG+g6Jr294RqeqcqDixSbU34MZVJRi/P+7Y8GDpzkEwLaGZZOpKIEmeVZNtKsrg==
  dependencies:
    "@types/istanbul-lib-coverage" "*"

"@types/istanbul-reports@^3.0.0":
  version "3.0.1"
  resolved "3.0.1"
  integrity sha512-c3mAZEuK0lvBp8tmuL74XRKn1+y2dcwOUpH7x4WrF6gk1GIgiluDRgMYQtw2OFcBvAJWlt6ASU3tSqxp0Uu0Aw==
  dependencies:
    "@types/istanbul-lib-report" "*"

"@types/json-schema@*":
  version "7.0.9"
  resolved "7.0.9"
  integrity sha512-qcUXuemtEu+E5wZSJHNxUXeCZhAfXKQ41D+duX+VYPde7xyEVZci+/oXKJL13tnRs9lR2pr4fod59GT6/X1/yQ==

"@types/json-schema@^7.0.9":
  version "7.0.9"
  resolved "7.0.9"
  integrity sha512-qcUXuemtEu+E5wZSJHNxUXeCZhAfXKQ41D+duX+VYPde7xyEVZci+/oXKJL13tnRs9lR2pr4fod59GT6/X1/yQ==

"@types/keyv@*":
  version "3.1.3"
  resolved "3.1.3"
  integrity sha512-FXCJgyyN3ivVgRoml4h94G/p3kY+u/B86La+QptcqJaWtBWtmc6TtkNfS40n9bIvyLteHh7zXOtgbobORKPbDg==
  dependencies:
    "@types/node" "*"

"@types/node@*":
  version "17.0.18"
  resolved "17.0.18"
  integrity sha512-eKj4f/BsN/qcculZiRSujogjvp5O/k4lOW5m35NopjZM/QwLOR075a8pJW5hD+Rtdm2DaCVPENS6KtSQnUD6BA==

"@types/responselike@*":
  version "1.0.0"
  resolved "1.0.0"
  integrity sha512-85Y2BjiufFzaMIlvJDvTTB8Fxl2xfLo4HgmHzVBz08w4wDePCTjYw66PdrolO0kzli3yam/YCgRufyo1DdQVTA==
  dependencies:
    "@types/node" "*"

"@types/unist@*":
  version "2.0.6"
  resolved "2.0.6"
  integrity sha512-PBjIUxZHOuj0R15/xuwJYjFi+KZdNFrehocChv4g5hu6aFroHue8m0lBP0POdK2nKzbw0cgV1mws8+V/JAcEkQ==

"@types/yargs-parser@*":
  version "20.2.1"
  resolved "20.2.1"
  integrity sha512-7tFImggNeNBVMsn0vLrpn1H1uPrUBdnARPTpZoitY37ZrdJREzf7I16tMrlK3hen349gr1NYh8CmZQa7CTG6Aw==

"@types/yargs@^15.0.0":
  version "17.0.8"
  resolved "17.0.8"
  integrity sha512-wDeUwiUmem9FzsyysEwRukaEdDNcwbROvQ9QGRKaLI6t+IltNzbn4/i4asmB10auvZGQCzSQ6t0GSczEThlUXw==
  dependencies:
    "@types/yargs-parser" "*"

"@typescript-eslint/eslint-plugin@^5.0.0":
  version "5.12.0"
  resolved "5.12.0"
  integrity sha512-fwCMkDimwHVeIOKeBHiZhRUfJXU8n6xW1FL9diDxAyGAFvKcH4csy0v7twivOQdQdA0KC8TDr7GGRd3L4Lv0rQ==
  dependencies:
    "@typescript-eslint/scope-manager" "5.12.0"
    "@typescript-eslint/type-utils" "5.12.0"
    "@typescript-eslint/utils" "5.12.0"
    debug "^4.3.2"
    functional-red-black-tree "^1.0.1"
    ignore "^5.1.8"
    regexpp "^3.2.0"
    semver "^7.3.5"
    tsutils "^3.21.0"

"@typescript-eslint/eslint-plugin@^5.11.0":
  version "5.12.0"
  resolved "5.12.0"
  integrity sha512-fwCMkDimwHVeIOKeBHiZhRUfJXU8n6xW1FL9diDxAyGAFvKcH4csy0v7twivOQdQdA0KC8TDr7GGRd3L4Lv0rQ==
  dependencies:
    "@typescript-eslint/scope-manager" "5.12.0"
    "@typescript-eslint/type-utils" "5.12.0"
    "@typescript-eslint/utils" "5.12.0"
    debug "^4.3.2"
    functional-red-black-tree "^1.0.1"
    ignore "^5.1.8"
    regexpp "^3.2.0"
    semver "^7.3.5"
    tsutils "^3.21.0"

"@typescript-eslint/experimental-utils@^2.27.0":
  version "5.12.0"
  resolved "5.12.0"
  integrity sha512-iFVADWH2CmiDF+E9kFK2r474BO2JILDKw1NVD5ytqHrM3ezsfdu5uo6B+77DH0suM7iUC/yOayHNziuiI9BPbQ==
  dependencies:
    "@typescript-eslint/utils" "5.12.0"

"@typescript-eslint/experimental-utils@^5.0.0":
  version "5.12.0"
  resolved "5.12.0"
  integrity sha512-iFVADWH2CmiDF+E9kFK2r474BO2JILDKw1NVD5ytqHrM3ezsfdu5uo6B+77DH0suM7iUC/yOayHNziuiI9BPbQ==
  dependencies:
    "@typescript-eslint/utils" "5.12.0"

"@typescript-eslint/parser@^5.11.0":
  version "5.12.0"
  resolved "5.12.0"
  integrity sha512-MfSwg9JMBojMUoGjUmX+D2stoQj1CBYTCP0qnnVtu9A+YQXVKNtLjasYh+jozOcrb/wau8TCfWOkQTiOAruBog==
  dependencies:
    "@typescript-eslint/scope-manager" "5.12.0"
    "@typescript-eslint/types" "5.12.0"
    "@typescript-eslint/typescript-estree" "5.12.0"
    debug "^4.3.2"

"@typescript-eslint/scope-manager@5.12.0":
  version "5.12.0"
  resolved "5.12.0"
  integrity sha512-GAMobtIJI8FGf1sLlUWNUm2IOkIjvn7laFWyRx7CLrv6nLBI7su+B7lbStqVlK5NdLvHRFiJo2HhiDF7Ki01WQ==
  dependencies:
    "@typescript-eslint/types" "5.12.0"
    "@typescript-eslint/visitor-keys" "5.12.0"

"@typescript-eslint/type-utils@5.12.0":
  version "5.12.0"
  resolved "5.12.0"
  integrity sha512-9j9rli3zEBV+ae7rlbBOotJcI6zfc6SHFMdKI9M3Nc0sy458LJ79Os+TPWeBBL96J9/e36rdJOfCuyRSgFAA0Q==
  dependencies:
    "@typescript-eslint/utils" "5.12.0"
    debug "^4.3.2"
    tsutils "^3.21.0"

"@typescript-eslint/types@5.12.0":
  version "5.12.0"
  resolved "5.12.0"
  integrity sha512-JowqbwPf93nvf8fZn5XrPGFBdIK8+yx5UEGs2QFAYFI8IWYfrzz+6zqlurGr2ctShMaJxqwsqmra3WXWjH1nRQ==

"@typescript-eslint/typescript-estree@5.12.0":
  version "5.12.0"
  resolved "5.12.0"
  integrity sha512-Dd9gVeOqt38QHR0BEA8oRaT65WYqPYbIc5tRFQPkfLquVEFPD1HAtbZT98TLBkEcCkvwDYOAvuSvAD9DnQhMfQ==
  dependencies:
    "@typescript-eslint/types" "5.12.0"
    "@typescript-eslint/visitor-keys" "5.12.0"
    debug "^4.3.2"
    globby "^11.0.4"
    is-glob "^4.0.3"
    semver "^7.3.5"
    tsutils "^3.21.0"

"@typescript-eslint/utils@5.12.0":
  version "5.12.0"
  resolved "5.12.0"
  integrity sha512-k4J2WovnMPGI4PzKgDtQdNrCnmBHpMUFy21qjX2CoPdoBcSBIMvVBr9P2YDP8jOqZOeK3ThOL6VO/sy6jtnvzw==
  dependencies:
    "@types/json-schema" "^7.0.9"
    "@typescript-eslint/scope-manager" "5.12.0"
    "@typescript-eslint/types" "5.12.0"
    "@typescript-eslint/typescript-estree" "5.12.0"
    eslint-scope "^5.1.1"
    eslint-utils "^3.0.0"

"@typescript-eslint/visitor-keys@5.12.0":
  version "5.12.0"
  resolved "5.12.0"
  integrity sha512-cFwTlgnMV6TgezQynx2c/4/tx9Tufbuo9LPzmWqyRC3QC4qTGkAG1C6pBr0/4I10PAI/FlYunI3vJjIcu+ZHMg==
  dependencies:
    "@typescript-eslint/types" "5.12.0"
    eslint-visitor-keys "^3.0.0"

"@washingtondc/development@latest":
  version "1.0.10"
  resolved "1.0.10"
  integrity sha512-rO/ROg5jBNjx3HQIqsVDBWwOFD9sa6UwhsUphfwTcPCJLQ+bu0NFb3yGOpHvmbpU9AWtFS6ZcG2UHRvdPed01Q==
  dependencies:
    "@commitlint/cli" "15.0.0"
    "@commitlint/config-conventional" "15.0.0"
    commitizen "4.2.4"
    cspell "5.13.1"
    cz-emoji-conventional "1.0.1"
    git-notify "0.2.3"
    husky "7.0.4"
    leasot "12.0.0"
    lint-staged "12.1.2"
    liquidjs "9.28.5"
    only-allow "1.0.0"
    open-cli "7.0.1"
    shellcheck "1.0.0"
    yarnhook "0.5.1"

create-eslint-index@^1.0.0:
  version "1.0.0"
  resolved "1.0.0#d954372d86d5792fcd67e9f2b791b1ab162411bb"
  integrity sha1-2VQ3LYbVeS/NZ+nyt5GxqxYkEbs=
  dependencies:
    lodash.get "^4.3.0"

cz-emoji-conventional@1.0.1:
  version "1.0.1"
  resolved "1.0.1"
  integrity sha512-jY+jmmbQ9n671gLWSSI34a7efDz1YPfzM3QZC5T+r8CJCCo1/myW8Ik09NV9KQ5hVSc2BBfvcq7e5IsBOZjyjg==
  dependencies:
    chalk "^4.1.1"
    commitizen "^4.2.4"
    word-wrap "^1.2.3"

cz-emoji-conventional@^1.0.1:
  version "1.0.1"
  resolved "1.0.1"
  integrity sha512-jY+jmmbQ9n671gLWSSI34a7efDz1YPfzM3QZC5T+r8CJCCo1/myW8Ik09NV9KQ5hVSc2BBfvcq7e5IsBOZjyjg==
  dependencies:
    chalk "^4.1.1"
    commitizen "^4.2.4"
    word-wrap "^1.2.3"

eslint-ast-utils@^1.0.0:
  version "1.1.0"
  resolved "1.1.0"
  integrity sha512-otzzTim2/1+lVrlH19EfQQJEhVJSu0zOb9ygb3iapN6UlyaDtyRq4b5U1FuW0v1lRa9Fp/GJyHkSwm6NqABgCA==
  dependencies:
    lodash.get "^4.4.2"
    lodash.zip "^4.2.0"

eslint-config-prettier@^8.3.0:
  version "8.4.0"
  resolved "8.4.0"
  integrity sha512-CFotdUcMY18nGRo5KGsnNxpznzhkopOcOo0InID+sgQssPrzjvsyKZPvOgymTFeHrFuC3Tzdf2YndhXtULK9Iw==

eslint-config-strict-mode@latest:
  version "1.0.44"
  resolved "1.0.44"
  integrity sha512-kM+KvUGpx6/Uow0d2+wCVLjVMtphht+JT6r7lpiysj51ci7PnppUQV422GDYO5D9O4q43P7H8wdsMblOGwbM+Q==
  dependencies:
    "@typescript-eslint/eslint-plugin" "^5.11.0"
    "@typescript-eslint/parser" "^5.11.0"
    eslint "^8.9.0"
    eslint-config-prettier "^8.3.0"
    eslint-formatter-git-log "^0.5.3"
    eslint-formatter-gitlab "^3.0.0"
    eslint-formatter-pretty "^4.1.0"
    eslint-formatter-summary "^1.1.0"
    eslint-plugin-angular "^4.1.0"
    eslint-plugin-array-func "^3.1.7"
    eslint-plugin-editorconfig "^3.2.0"
    eslint-plugin-eslint-comments "^3.2.0"
    eslint-plugin-etc "^2.0.2"
    eslint-plugin-ext "^0.1.0"
    eslint-plugin-filenames "^1.3.2"
    eslint-plugin-fp "^2.3.0"
    eslint-plugin-functional "^4.2.0"
    eslint-plugin-html "^6.2.0"
    eslint-plugin-import "^2.25.4"
    eslint-plugin-jest "^25.7.0"
    eslint-plugin-jest-async "^1.0.3"
    eslint-plugin-jest-dom "^3.9.4"
    eslint-plugin-jest-formatting "^3.1.0"
    eslint-plugin-jsdoc "^37.9.0"
    eslint-plugin-json-schema-validator "^1.2.49"
    eslint-plugin-jsonc "^1.7.0"
    eslint-plugin-no-constructor-bind "^2.0.4"
    eslint-plugin-no-explicit-type-exports "^0.12.1"
    eslint-plugin-no-secrets "^0.8.9"
    eslint-plugin-no-unsanitized "^3.2.0"
    eslint-plugin-no-use-extend-native "^0.5.0"
    eslint-plugin-node "^11.1.0"
    eslint-plugin-optimize-regex "^1.2.1"
    eslint-plugin-prefer-arrow "^1.2.3"
    eslint-plugin-prettier "^4.0.0"
    eslint-plugin-promise "^5.2.0"
    eslint-plugin-regexp "^1.5.1"
    eslint-plugin-rxjs "^4.0.4"
    eslint-plugin-security "^1.4.0"
    eslint-plugin-sonarjs "^0.10.0"
    eslint-plugin-sort-class-members "^1.14.1"
    eslint-plugin-sort-keys-fix "^1.1.2"
    eslint-plugin-switch-case "^1.1.2"
    eslint-plugin-toml "^0.2.0"
    eslint-plugin-tsdoc "^0.2.14"
    eslint-plugin-typescript-sort-keys "^2.1.0"
    eslint-plugin-unicorn "^37.0.1"
    eslint-plugin-unused-imports "^1.1.5"
    eslint-plugin-woke "^1.0.1"
    eslint-plugin-yml "^0.10.1"
    parse-gitignore "^1.0.1"
    tslib "^2.3.1"
    yaml "^1.10.2"

eslint-etc@^5.1.0:
  version "5.1.0"
  resolved "5.1.0"
  integrity sha512-Rmjl01h5smi5cbsFne2xpTuch2xNnwXiX2lbS4HttXUN5FwXKAwG1UEFBVGO1nC091YO/QyVahyfNPJSX2ae+g==
  dependencies:
    "@typescript-eslint/experimental-utils" "^5.0.0"
    tsutils "^3.17.1"
    tsutils-etc "^1.4.1"

eslint-formatter-git-log@^0.5.3:
  version "0.5.3"
  resolved "0.5.3"
  integrity sha512-lwYPyg6fq6IQyNwLHkls1sjIXNWvY6RQx8S8hLTcgC+ldKYHd8Dc0G1qBpbQXoBFBrUmz73ZNyP1lMsAP8A33A==
  dependencies:
    chalk "2.4.2"

eslint-formatter-gitlab@^3.0.0:
  version "3.0.0"
  resolved "3.0.0"
  integrity sha512-fqZ2G45rgbrHcFunqmwuG5Qo6QAOlxEsR+KdOP08T1Xegw5tJhHh9KFWMSct8q6x8xCMUyYGHypZd342bLUttA==
  dependencies:
    chalk "^4.0.0"
    js-yaml "^4.0.0"

eslint-formatter-pretty@^4.1.0:
  version "4.1.0"
  resolved "4.1.0"
  integrity sha512-IsUTtGxF1hrH6lMWiSl1WbGaiP01eT6kzywdY1U+zLc0MP+nwEnUiS9UI8IaOTUhTeQJLlCEWIbXINBH4YJbBQ==
  dependencies:
    "@types/eslint" "^7.2.13"
    ansi-escapes "^4.2.1"
    chalk "^4.1.0"
    eslint-rule-docs "^1.1.5"
    log-symbols "^4.0.0"
    plur "^4.0.0"
    string-width "^4.2.0"
    supports-hyperlinks "^2.0.0"

eslint-formatter-summary@^1.1.0:
  version "1.1.0"
  resolved "1.1.0"
  integrity sha512-teOh471ZYeEShXhBFb16X87buUjNZa2TMNn3CSf//DIKLNneqbk7u5i9hDDiIaQVvZbBXJHkgYxj8urcNKWbXw==
  dependencies:
    chalk "^4.1.0"
    core-js "^3.9.1"
  optionalDependencies:
    np "^7.4.0"

eslint-import-resolver-node@^0.3.2:
  version "0.3.6"
  resolved "0.3.6"
  integrity sha512-0En0w03NRVMn9Uiyn8YRPDKvWjxCWkslUEhGNTdGx15RvPJYQ+lbOlqrlNI2vEAs4pDYK4f/HN2TbDmk5TP0iw==
  dependencies:
    debug "^3.2.7"
    resolve "^1.20.0"

eslint-import-resolver-node@^0.3.6:
  version "0.3.6"
  resolved "0.3.6"
  integrity sha512-0En0w03NRVMn9Uiyn8YRPDKvWjxCWkslUEhGNTdGx15RvPJYQ+lbOlqrlNI2vEAs4pDYK4f/HN2TbDmk5TP0iw==
  dependencies:
    debug "^3.2.7"
    resolve "^1.20.0"

eslint-module-utils@^2.4.1:
  version "2.7.3"
  resolved "2.7.3"
  integrity sha512-088JEC7O3lDZM9xGe0RerkOMd0EjFl+Yvd1jPWIkMT5u3H9+HC34mWWPnqPrN13gieT9pBOO+Qt07Nb/6TresQ==
  dependencies:
    debug "^3.2.7"
    find-up "^2.1.0"

eslint-module-utils@^2.7.2:
  version "2.7.3"
  resolved "2.7.3"
  integrity sha512-088JEC7O3lDZM9xGe0RerkOMd0EjFl+Yvd1jPWIkMT5u3H9+HC34mWWPnqPrN13gieT9pBOO+Qt07Nb/6TresQ==
  dependencies:
    debug "^3.2.7"
    find-up "^2.1.0"

eslint-plugin-angular@^4.1.0:
  version "4.1.0"
  resolved "4.1.0"
  integrity sha512-dacledMPxVOZA3T0xcYFuvrMCy5dHxg0ZTMWUaHqSBQef3/XLyXJ9s1LNj0NikJ/dYx6OhqlnnNpKmrJhEUB+Q==

eslint-plugin-array-func@^3.1.7:
  version "3.1.7"
  resolved "3.1.7"
  integrity sha512-fB5TBICjHSTGToNTbCCgR8zsngpUkoCM31EMh/M/NEAyNg90i5rUuG0dnNNBML2n0BzM0nBE3sPvo2SEWf6jlA==

eslint-plugin-editorconfig@^3.2.0:
  version "3.2.0"
  resolved "3.2.0"
  integrity sha512-XiUg69+qgv6BekkPCjP8+2DMODzPqtLV5i0Q9FO1v40P62pfodG1vjIihVbw/338hS5W26S+8MTtXaAlrg37QQ==
  dependencies:
    "@typescript-eslint/eslint-plugin" "^5.0.0"
    editorconfig "^0.15.0"
    eslint "^8.0.1"
    klona "^2.0.4"

eslint-plugin-es@^3.0.0:
  version "3.0.1"
  resolved "3.0.1"
  integrity sha512-GUmAsJaN4Fc7Gbtl8uOBlayo2DqhwWvEzykMHSCZHU3XdJ+NSzzZcVhXh3VxX5icqQ+oQdIEawXX8xkR3mIFmQ==
  dependencies:
    eslint-utils "^2.0.0"
    regexpp "^3.0.0"

eslint-plugin-eslint-comments@^3.2.0:
  version "3.2.0"
  resolved "3.2.0"
  integrity sha512-0jkOl0hfojIHHmEHgmNdqv4fmh7300NdpA9FFpF7zaoLvB/QeXOGNLIo86oAveJFrfB1p05kC8hpEMHM8DwWVQ==
  dependencies:
    escape-string-regexp "^1.0.5"
    ignore "^5.0.5"

eslint-plugin-etc@^2.0.2:
  version "2.0.2"
  resolved "2.0.2"
  integrity sha512-g3b95LCdTCwZA8On9EICYL8m1NMWaiGfmNUd/ftZTeGZDXrwujKXUr+unYzqKjKFo1EbqJ31vt+Dqzrdm/sUcw==
  dependencies:
    "@phenomnomnominal/tsquery" "^4.0.0"
    "@typescript-eslint/experimental-utils" "^5.0.0"
    eslint-etc "^5.1.0"
    requireindex "~1.2.0"
    tslib "^2.0.0"
    tsutils "^3.0.0"

eslint-plugin-ext@^0.1.0:
  version "0.1.0"
  resolved "0.1.0"
  integrity sha512-CbZgte+kC8u6uymkwtgDPHLgA3IRbhermH88o9VXDh4Pa1ds1QIo0ojJc+mvq5zjf3mm4GT/pTTFYZT9nQORyg==

eslint-plugin-filenames@^1.3.2:
  version "1.3.2"
  resolved "1.3.2"
  integrity sha512-tqxJTiEM5a0JmRCUYQmxw23vtTxrb2+a3Q2mMOPhFxvt7ZQQJmdiuMby9B/vUAuVMghyP7oET+nIf6EO6CBd/w==
  dependencies:
    lodash.camelcase "4.3.0"
    lodash.kebabcase "4.1.1"
    lodash.snakecase "4.1.1"
    lodash.upperfirst "4.3.1"

eslint-plugin-fp@^2.3.0:
  version "2.3.0"
  resolved "2.3.0#376d2a108710e981980bdc3875e3b9920da0489c"
  integrity sha1-N20qEIcQ6YGYC9w4deO5kg2gSJw=
  dependencies:
    create-eslint-index "^1.0.0"
    eslint-ast-utils "^1.0.0"
    lodash "^4.13.1"
    req-all "^0.1.0"

eslint-plugin-functional@^4.2.0:
  version "4.2.0"
  resolved "4.2.0"
  integrity sha512-3v1DuKQTGwJo93UQ5SKzEjvJTaMGfznzwgGjWEBhLXxJfOMhcW7O6QUO1pmb5aLou9hoh7r31lkPvWmbIbIbew==
  dependencies:
    "@typescript-eslint/experimental-utils" "^5.0.0"
    deepmerge-ts "^2.0.1"
    escape-string-regexp "^4.0.0"

eslint-plugin-html@^6.2.0:
  version "6.2.0"
  resolved "6.2.0"
  integrity sha512-vi3NW0E8AJombTvt8beMwkL1R/fdRWl4QSNRNMhVQKWm36/X0KF0unGNAY4mqUF06mnwVWZcIcerrCnfn9025g==
  dependencies:
    htmlparser2 "^7.1.2"

eslint-plugin-import@^2.25.4:
  version "2.25.4"
  resolved "2.25.4"
  integrity sha512-/KJBASVFxpu0xg1kIBn9AUa8hQVnszpwgE7Ld0lKAlx7Ie87yzEzCgSkekt+le/YVhiaosO4Y14GDAOc41nfxA==
  dependencies:
    array-includes "^3.1.4"
    array.prototype.flat "^1.2.5"
    debug "^2.6.9"
    doctrine "^2.1.0"
    eslint-import-resolver-node "^0.3.6"
    eslint-module-utils "^2.7.2"
    has "^1.0.3"
    is-core-module "^2.8.0"
    is-glob "^4.0.3"
    minimatch "^3.0.4"
    object.values "^1.1.5"
    resolve "^1.20.0"
    tsconfig-paths "^3.12.0"

eslint-plugin-jest-async@^1.0.3:
  version "1.0.3"
  resolved "1.0.3#69196702d8af85655b21a789a6fd75ca0a37800f"
  integrity sha1-aRlnAtivhWVbIaeJpv11ygo3gA8=
  dependencies:
    requireindex "~1.1.0"

eslint-plugin-jest-dom@^3.9.4:
  version "3.9.4"
  resolved "3.9.4"
  integrity sha512-VRkaALGIhyxinnewZFHe2WJsRWp3TONpXysVXK1IUNJHCpJAIM9yRrI7fQ8i5F6UYE7+DAnvNhSSJZesLTonug==
  dependencies:
    "@babel/runtime" "^7.16.3"
    "@testing-library/dom" "^7.31.2"
    requireindex "^1.2.0"

eslint-plugin-jest-formatting@^3.1.0:
  version "3.1.0"
  resolved "3.1.0"
  integrity sha512-XyysraZ1JSgGbLSDxjj5HzKKh0glgWf+7CkqxbTqb7zEhW7X2WHo5SBQ8cGhnszKN+2Lj3/oevBlHNbHezoc/A==

eslint-plugin-jest@^25.7.0:
  version "25.7.0"
  resolved "25.7.0"
  integrity sha512-PWLUEXeeF7C9QGKqvdSbzLOiLTx+bno7/HC9eefePfEb257QFHg7ye3dh80AZVkaa/RQsBB1Q/ORQvg2X7F0NQ==
  dependencies:
    "@typescript-eslint/experimental-utils" "^5.0.0"

eslint-plugin-jsdoc@^37.9.0:
  version "37.9.4"
  resolved "37.9.4"
  integrity sha512-VxCyGgUNNnj2T4bb1OqltkbsPp3ehRzR5onIfh6zGrAvISmvgX/sbxUlh3YyGqWtjOTSBCURdKdmelSXEIHnlA==
  dependencies:
    "@es-joy/jsdoccomment" "~0.20.1"
    comment-parser "1.3.0"
    debug "^4.3.3"
    escape-string-regexp "^4.0.0"
    esquery "^1.4.0"
    regextras "^0.8.0"
    semver "^7.3.5"
    spdx-expression-parse "^3.0.1"

eslint-plugin-json-schema-validator@^1.2.49:
  version "1.2.49"
  resolved "1.2.49"
  integrity sha512-Ib7PVrho5a08OI05VyVEkwb2u1jDWeDoHsIngaZFVi4OsnLObcW6gb3xO6VSYHUDvC5CTQans7vVjLUslcCMiA==
  dependencies:
    ajv "^8.0.0"
    debug "^4.3.1"
    eslint-utils "^3.0.0"
    json-schema-migrate "^2.0.0"
    jsonc-eslint-parser "^1.0.0"
    minimatch "^3.0.4"
    toml-eslint-parser "^0.2.1"
    tunnel-agent "^0.6.0"
    yaml-eslint-parser "^0.4.0"

eslint-plugin-jsonc@^1.7.0:
  version "1.7.0"
  resolved "1.7.0"
  integrity sha512-pb3CAD9B0zhv3r9Bg9AdzswL50I3mbIq1ys+tNeuaDeibFlweo84SBNm22oqaFx/Dka+YZw2SLukAkQlJzSHMQ==
  dependencies:
    eslint-utils "^2.1.0 || ^3.0.0"
    jsonc-eslint-parser "^1.4.1"
    natural-compare "^1.4.0"

eslint-plugin-no-constructor-bind@^2.0.4:
  version "2.0.4"
  resolved "2.0.4"
  integrity sha512-r0CGAE5SrRYt1OdACNiZGiOcBbFslKIPnMrFo3kPmX3iKZOm8HRD2eIbqhlc9lSSiBWcPZxXErXnroqgt+dKBg==
  dependencies:
    requireindex "~1.2.0"

eslint-plugin-no-explicit-type-exports@^0.12.1:
  version "0.12.1"
  resolved "0.12.1"
  integrity sha512-m1v/f+LYVygCY735KfCovkoXYPbZH5zxEj/tuLOnMwX/qbJEJoRb9evul88Ois5HidvKbiMdMg/tXU55Ki++jg==
  dependencies:
    "@typescript-eslint/experimental-utils" "^2.27.0"
    eslint-import-resolver-node "^0.3.2"
    eslint-module-utils "^2.4.1"

eslint-plugin-no-secrets@^0.8.9:
  version "0.8.9"
  resolved "0.8.9"
  integrity sha512-CqaBxXrImABCtxMWspAnm8d5UKkpNylC7zqVveb+fJHEvsSiNGJlSWzdSIvBUnW1XhJXkzifNIZQC08rEII5Ng==

eslint-plugin-no-unsanitized@^3.2.0:
  version "3.2.0"
  resolved "3.2.0"
  integrity sha512-92opuXbjWmXcod94EyCKhp36V1QHLM/ArAST2ssgKOojALne0eZvSPfrg4oyr0EwTXvy0RJNe/Tkm33VkDUrKQ==

eslint-plugin-no-use-extend-native@^0.5.0:
  version "0.5.0"
  resolved "0.5.0"
  integrity sha512-dBNjs8hor8rJgeXLH4HTut5eD3RGWf9JUsadIfuL7UosVQ/dnvOKwxEcRrXrFxrMZ8llUVWT+hOimxJABsAUzQ==
  dependencies:
    is-get-set-prop "^1.0.0"
    is-js-type "^2.0.0"
    is-obj-prop "^1.0.0"
    is-proto-prop "^2.0.0"

eslint-plugin-node@^11.1.0:
  version "11.1.0"
  resolved "11.1.0"
  integrity sha512-oUwtPJ1W0SKD0Tr+wqu92c5xuCeQqB3hSCHasn/ZgjFdA9iDGNkNf2Zi9ztY7X+hNuMib23LNGRm6+uN+KLE3g==
  dependencies:
    eslint-plugin-es "^3.0.0"
    eslint-utils "^2.0.0"
    ignore "^5.1.1"
    minimatch "^3.0.4"
    resolve "^1.10.1"
    semver "^6.1.0"

eslint-plugin-optimize-regex@^1.2.1:
  version "1.2.1"
  resolved "1.2.1"
  integrity sha512-fUaU7Tj1G/KSTDTABJw4Wp427Rl7RPl9ViYTu1Jrv36fJw4DFhd4elPdXiuYtdPsNsvzn9GcVlKEssGIVjw0UQ==
  dependencies:
    regexp-tree "^0.1.21"

eslint-plugin-prefer-arrow@^1.2.3:
  version "1.2.3"
  resolved "1.2.3"
  integrity sha512-J9I5PKCOJretVuiZRGvPQxCbllxGAV/viI20JO3LYblAodofBxyMnZAJ+WGeClHgANnSJberTNoFWWjrWKBuXQ==

eslint-plugin-prettier@^4.0.0:
  version "4.0.0"
  resolved "4.0.0"
  integrity sha512-98MqmCJ7vJodoQK359bqQWaxOE0CS8paAz/GgjaZLyex4TTk3g9HugoO89EqWCrFiOqn9EVvcoo7gZzONCWVwQ==
  dependencies:
    prettier-linter-helpers "^1.0.0"

eslint-plugin-promise@^5.2.0:
  version "5.2.0"
  resolved "5.2.0"
  integrity sha512-SftLb1pUG01QYq2A/hGAWfDRXqYD82zE7j7TopDOyNdU+7SvvoXREls/+PRTY17vUXzXnZA/zfnyKgRH6x4JJw==

eslint-plugin-regexp@^1.5.1:
  version "1.5.1"
  resolved "1.5.1"
  integrity sha512-5v0rQIi54m2KycQHqmOAHrZhvI56GHmI2acr6zEffAqfeifTtobAEapv9Uf4o8//lGvwVkHKyjLoSbBNEFcfOA==
  dependencies:
    comment-parser "^1.1.2"
    eslint-utils "^3.0.0"
    grapheme-splitter "^1.0.4"
    jsdoctypeparser "^9.0.0"
    refa "^0.9.0"
    regexp-ast-analysis "^0.3.0"
    regexpp "^3.2.0"
    scslre "^0.1.6"

eslint-plugin-rxjs@^4.0.4:
  version "4.0.4"
  resolved "4.0.4"
  integrity sha512-7JopYQRqS5TYBNXioTLtS+W6+IKC1rsC7q8Dtou8E5gMuPxuEFqxU1x2161bwadaK3+h6sR+xiGjEhiE6JwjUA==
  dependencies:
    "@typescript-eslint/experimental-utils" "^5.0.0"
    common-tags "^1.8.0"
    decamelize "^5.0.0"
    eslint-etc "^5.1.0"
    requireindex "~1.2.0"
    rxjs-report-usage "^1.0.4"
    tslib "^2.0.0"
    tsutils "^3.0.0"
    tsutils-etc "^1.4.1"

eslint-plugin-security@^1.4.0:
  version "1.4.0"
  resolved "1.4.0"
  integrity sha512-xlS7P2PLMXeqfhyf3NpqbvbnW04kN8M9NtmhpR3XGyOvt/vNKS7XPXT5EDbwKW9vCjWH4PpfQvgD/+JgN0VJKA==
  dependencies:
    safe-regex "^1.1.0"

eslint-plugin-sonarjs@^0.10.0:
  version "0.10.0"
  resolved "0.10.0"
  integrity sha512-FBRIBmWQh2UAfuLSnuYEfmle33jIup9hfkR0X8pkfjeCKNpHUG8qyZI63ahs3aw8CJrv47QJ9ccdK3ZxKH016A==

eslint-plugin-sort-class-members@^1.14.1:
  version "1.14.1"
  resolved "1.14.1"
  integrity sha512-/Q/cm3h4N9DBNYvJMQMhluucSmr3Yydr9U0BgGcXUQe/rgWdXKSymZ5Ewcf4vmAG0bbTmAYmekuMnYYrqlu9Rg==

eslint-plugin-sort-keys-fix@^1.1.2:
  version "1.1.2"
  resolved "1.1.2"
  integrity sha512-DNPHFGCA0/hZIsfODbeLZqaGY/+q3vgtshF85r+YWDNCQ2apd9PNs/zL6ttKm0nD1IFwvxyg3YOTI7FHl4unrw==
  dependencies:
    espree "^6.1.2"
    esutils "^2.0.2"
    natural-compare "^1.4.0"
    requireindex "~1.2.0"

eslint-plugin-switch-case@^1.1.2:
  version "1.1.2"
  resolved "1.1.2#a622db0c4c440828526b6f26f000d71e74850032"
  integrity sha1-piLbDExECChSa28m8ADXHnSFADI=
  dependencies:
    lodash.last "^3.0.0"
    lodash.zipobject "^4.0.0"

eslint-plugin-toml@^0.2.0:
  version "0.2.0"
  resolved "0.2.0"
  integrity sha512-Y4eGb9q7i0i+UyZAXl3QAqcxkds2X7tfctXPllL7X+PpBXD/3wiqq1RNeoiLmHI9evpO1BjyuakffJZuGM7ElA==
  dependencies:
    debug "^4.1.1"
    lodash "^4.17.19"
    toml-eslint-parser "^0.2.1"

eslint-plugin-tsdoc@^0.2.14:
  version "0.2.14"
  resolved "0.2.14"
  integrity sha512-fJ3fnZRsdIoBZgzkQjv8vAj6NeeOoFkTfgosj6mKsFjX70QV256sA/wq+y/R2+OL4L8E79VVaVWrPeZnKNe8Ng==
  dependencies:
    "@microsoft/tsdoc" "0.13.2"
    "@microsoft/tsdoc-config" "0.15.2"

eslint-plugin-typescript-sort-keys@^2.1.0:
  version "2.1.0"
  resolved "2.1.0"
  integrity sha512-ET7ABypdz19m47QnKynzNfWPi4CTNQ5jQQC1X5d0gojIwblkbGiCa5IilsqzBTmqxZ0yXDqKBO/GBkBFQCOFsg==
  dependencies:
    "@typescript-eslint/experimental-utils" "^5.0.0"
    json-schema "^0.4.0"
    natural-compare-lite "^1.4.0"

eslint-plugin-unicorn@^37.0.1:
  version "37.0.1"
  resolved "37.0.1"
  integrity sha512-E1jq5u9ojnadisJcPi+hMXTGSiIzkIUMDvWsBudsCGXvKUB2aNSU2TcfyW2/jAS5A4ryBXfzxLykMxX1EdluSQ==
  dependencies:
    "@babel/helper-validator-identifier" "^7.14.9"
    ci-info "^3.2.0"
    clean-regexp "^1.0.0"
    eslint-template-visitor "^2.3.2"
    eslint-utils "^3.0.0"
    esquery "^1.4.0"
    indent-string "4"
    is-builtin-module "^3.1.0"
    lodash "^4.17.21"
    pluralize "^8.0.0"
    read-pkg-up "^7.0.1"
    regexp-tree "^0.1.23"
    safe-regex "^2.1.1"
    semver "^7.3.5"
    strip-indent "^3.0.0"

eslint-plugin-unused-imports@^1.1.5:
  version "1.1.5"
  resolved "1.1.5"
  integrity sha512-TeV8l8zkLQrq9LBeYFCQmYVIXMjfHgdRQLw7dEZp4ZB3PeR10Y5Uif11heCsHRmhdRIYMoewr1d9ouUHLbLHew==
  dependencies:
    eslint-rule-composer "^0.3.0"

eslint-plugin-woke@^1.0.1:
  version "1.0.1"
  resolved "1.0.1"
  integrity sha512-cDRyZMNJkrbycju6OKhGnF29j0kbzV9AnLk3IPz6Kn0vWrSf8RyUdS5at97o/CJ8SEN2e6furQch1o/0LIrfMg==
  dependencies:
    requireindex "~1.1.0"

eslint-plugin-yml@^0.10.1:
  version "0.10.1"
  resolved "0.10.1"
  integrity sha512-af0WgO3qaH+RW6jv1s6RzXKlg2NZLisN95lqGUf1KqBT6rEJyGSCpM49QYaSTvzmMaB/gcdbrnAfNoYwUn0Yig==
  dependencies:
    debug "^4.1.1"
    lodash "^4.17.19"
    natural-compare "^1.4.0"
    yaml-eslint-parser "^0.4.0"

eslint-rule-composer@^0.3.0:
  version "0.3.0"
  resolved "0.3.0"
  integrity sha512-bt+Sh8CtDmn2OajxvNO+BX7Wn4CIWMpTRm3MaiKPCQcnnlm0CS2mhui6QaoeQugs+3Kj2ESKEEGJUdVafwhiCg==

eslint-rule-docs@^1.1.5:
  version "1.1.231"
  resolved "1.1.231"
  integrity sha512-egHz9A1WG7b8CS0x1P6P/Rj5FqZOjray/VjpJa14tMZalfRKvpE2ONJ3plCM7+PcinmU4tcmbPLv0VtwzSdLVA==

eslint-scope@^5.1.1:
  version "7.1.1"
  resolved "7.1.1"
  integrity sha512-QKQM/UXpIiHcLqJ5AOyIW7XZmzjkzQXYE54n1++wb0u9V/abW3l9uQnxX8Z5Xd18xyKIMTUAyQ0k1e8pz6LUrw==
  dependencies:
    esrecurse "^4.3.0"
    estraverse "^5.2.0"

eslint-scope@^7.1.1:
  version "7.1.1"
  resolved "7.1.1"
  integrity sha512-QKQM/UXpIiHcLqJ5AOyIW7XZmzjkzQXYE54n1++wb0u9V/abW3l9uQnxX8Z5Xd18xyKIMTUAyQ0k1e8pz6LUrw==
  dependencies:
    esrecurse "^4.3.0"
    estraverse "^5.2.0"

eslint-template-visitor@^2.3.2:
  version "2.3.2"
  resolved "2.3.2"
  integrity sha512-3ydhqFpuV7x1M9EK52BPNj6V0Kwu0KKkcIAfpUhwHbR8ocRln/oUHgfxQupY8O1h4Qv/POHDumb/BwwNfxbtnA==
  dependencies:
    "@babel/core" "^7.12.16"
    "@babel/eslint-parser" "^7.12.16"
    eslint-visitor-keys "^2.0.0"
    esquery "^1.3.1"
    multimap "^1.1.0"

eslint-utils@^2.0.0:
  version "3.0.0"
  resolved "3.0.0"
  integrity sha512-uuQC43IGctw68pJA1RgbQS8/NP7rch6Cwd4j3ZBtgo4/8Flj4eGE7ZYSZRN3iq5pVUv6GPdW5Z1RFleo84uLDA==
  dependencies:
    eslint-visitor-keys "^2.0.0"

eslint-utils@^2.1.0:
  version "3.0.0"
  resolved "3.0.0"
  integrity sha512-uuQC43IGctw68pJA1RgbQS8/NP7rch6Cwd4j3ZBtgo4/8Flj4eGE7ZYSZRN3iq5pVUv6GPdW5Z1RFleo84uLDA==
  dependencies:
    eslint-visitor-keys "^2.0.0"

"eslint-utils@^2.1.0 || ^3.0.0":
  version "3.0.0"
  resolved "3.0.0"
  integrity sha512-uuQC43IGctw68pJA1RgbQS8/NP7rch6Cwd4j3ZBtgo4/8Flj4eGE7ZYSZRN3iq5pVUv6GPdW5Z1RFleo84uLDA==
  dependencies:
    eslint-visitor-keys "^2.0.0"

eslint-utils@^3.0.0:
  version "3.0.0"
  resolved "3.0.0"
  integrity sha512-uuQC43IGctw68pJA1RgbQS8/NP7rch6Cwd4j3ZBtgo4/8Flj4eGE7ZYSZRN3iq5pVUv6GPdW5Z1RFleo84uLDA==
  dependencies:
    eslint-visitor-keys "^2.0.0"

eslint-visitor-keys@^1.3.0:
  version "3.3.0"
  resolved "3.3.0"
  integrity sha512-mQ+suqKJVyeuwGYHAdjMFqjCyfl8+Ldnxuyp3ldiMBFKkvytrXUZWaiPCEav8qDHKty44bD+qV1IP4T+w+xXRA==

eslint-visitor-keys@^2.0.0:
  version "3.3.0"
  resolved "3.3.0"
  integrity sha512-mQ+suqKJVyeuwGYHAdjMFqjCyfl8+Ldnxuyp3ldiMBFKkvytrXUZWaiPCEav8qDHKty44bD+qV1IP4T+w+xXRA==

eslint-visitor-keys@^2.1.0:
  version "3.3.0"
  resolved "3.3.0"
  integrity sha512-mQ+suqKJVyeuwGYHAdjMFqjCyfl8+Ldnxuyp3ldiMBFKkvytrXUZWaiPCEav8qDHKty44bD+qV1IP4T+w+xXRA==

eslint-visitor-keys@^3.0.0:
  version "3.3.0"
  resolved "3.3.0"
  integrity sha512-mQ+suqKJVyeuwGYHAdjMFqjCyfl8+Ldnxuyp3ldiMBFKkvytrXUZWaiPCEav8qDHKty44bD+qV1IP4T+w+xXRA==

eslint-visitor-keys@^3.3.0:
  version "3.3.0"
  resolved "3.3.0"
  integrity sha512-mQ+suqKJVyeuwGYHAdjMFqjCyfl8+Ldnxuyp3ldiMBFKkvytrXUZWaiPCEav8qDHKty44bD+qV1IP4T+w+xXRA==

eslint@^8.0.1:
  version "8.9.0"
  resolved "8.9.0"
  integrity sha512-PB09IGwv4F4b0/atrbcMFboF/giawbBLVC7fyDamk5Wtey4Jh2K+rYaBhCAbUyEI4QzB1ly09Uglc9iCtFaG2Q==
  dependencies:
    "@eslint/eslintrc" "^1.1.0"
    "@humanwhocodes/config-array" "^0.9.2"
    ajv "^6.10.0"
    chalk "^4.0.0"
    cross-spawn "^7.0.2"
    debug "^4.3.2"
    doctrine "^3.0.0"
    escape-string-regexp "^4.0.0"
    eslint-scope "^7.1.1"
    eslint-utils "^3.0.0"
    eslint-visitor-keys "^3.3.0"
    espree "^9.3.1"
    esquery "^1.4.0"
    esutils "^2.0.2"
    fast-deep-equal "^3.1.3"
    file-entry-cache "^6.0.1"
    functional-red-black-tree "^1.0.1"
    glob-parent "^6.0.1"
    globals "^13.6.0"
    ignore "^5.2.0"
    import-fresh "^3.0.0"
    imurmurhash "^0.1.4"
    is-glob "^4.0.0"
    js-yaml "^4.1.0"
    json-stable-stringify-without-jsonify "^1.0.1"
    levn "^0.4.1"
    lodash.merge "^4.6.2"
    minimatch "^3.0.4"
    natural-compare "^1.4.0"
    optionator "^0.9.1"
    regexpp "^3.2.0"
    strip-ansi "^6.0.1"
    strip-json-comments "^3.1.0"
    text-table "^0.2.0"
    v8-compile-cache "^2.0.3"

eslint@^8.9.0:
  version "8.9.0"
  resolved "8.9.0"
  integrity sha512-PB09IGwv4F4b0/atrbcMFboF/giawbBLVC7fyDamk5Wtey4Jh2K+rYaBhCAbUyEI4QzB1ly09Uglc9iCtFaG2Q==
  dependencies:
    "@eslint/eslintrc" "^1.1.0"
    "@humanwhocodes/config-array" "^0.9.2"
    ajv "^6.10.0"
    chalk "^4.0.0"
    cross-spawn "^7.0.2"
    debug "^4.3.2"
    doctrine "^3.0.0"
    escape-string-regexp "^4.0.0"
    eslint-scope "^7.1.1"
    eslint-utils "^3.0.0"
    eslint-visitor-keys "^3.3.0"
    espree "^9.3.1"
    esquery "^1.4.0"
    esutils "^2.0.2"
    fast-deep-equal "^3.1.3"
    file-entry-cache "^6.0.1"
    functional-red-black-tree "^1.0.1"
    glob-parent "^6.0.1"
    globals "^13.6.0"
    ignore "^5.2.0"
    import-fresh "^3.0.0"
    imurmurhash "^0.1.4"
    is-glob "^4.0.0"
    js-yaml "^4.1.0"
    json-stable-stringify-without-jsonify "^1.0.1"
    levn "^0.4.1"
    lodash.merge "^4.6.2"
    minimatch "^3.0.4"
    natural-compare "^1.4.0"
    optionator "^0.9.1"
    regexpp "^3.2.0"
    strip-ansi "^6.0.1"
    strip-json-comments "^3.1.0"
    text-table "^0.2.0"
    v8-compile-cache "^2.0.3"

git-cz-emoji@latest:
  version "1.1.24"
  resolved "1.1.24"
  integrity sha512-m9XItxRoL6k/NCAeWubMJW2m3r29V6JkQSpZk5vtFY6IVJ8S4l6l7AVreOsRemKoWiVzxtb2I4xBbJNt1vlrNw==
  dependencies:
    chalk "^4.1.2"
    commitizen "^4.2.4"
    tslib "^2.3.1"
    word-wrap "^1.2.3"

glob@^7.2.0:
  version "7.2.0"
  resolved "7.2.0"
  integrity sha512-lmLf6gtyrPq8tTjSmrO94wBeQbFR3HbLHbuyD69wuyQkImp2hWqMGB47OX65FBkPffO641IP9jWa1z4ivqG26Q==
  dependencies:
    fs.realpath "^1.0.0"
    inflight "^1.0.4"
    inherits "2"
    minimatch "^3.0.4"
    once "^1.3.0"
    path-is-absolute "^1.0.0"

handlebars-helpers@^0.10.0:
  version "0.10.0"
  resolved "0.10.0"
  integrity sha512-QiyhQz58u/DbuV41VnfpE0nhy6YCH4vB514ajysV8SoKmP+DxU+pR+fahVyNECHj+jiwEN2VrvxD/34/yHaLUg==
  dependencies:
    arr-flatten "^1.1.0"
    array-sort "^0.1.4"
    create-frame "^1.0.0"
    define-property "^1.0.0"
    "falsey" "^0.3.2"
    for-in "^1.0.2"
    for-own "^1.0.0"
    get-object "^0.2.0"
    get-value "^2.0.6"
    handlebars "^4.0.11"
    handlebars-helper-create-frame "^0.1.0"
    handlebars-utils "^1.0.6"
    has-value "^1.0.0"
    helper-date "^1.0.1"
    helper-markdown "^1.0.0"
    helper-md "^0.2.2"
    html-tag "^2.0.0"
    is-even "^1.0.0"
    is-glob "^4.0.0"
    is-number "^4.0.0"
    kind-of "^6.0.0"
    lazy-cache "^2.0.2"
    logging-helpers "^1.0.0"
    micromatch "^3.1.4"
    relative "^3.0.2"
    striptags "^3.1.0"
    to-gfm-code-block "^0.1.1"
    year "^0.2.1"

jsonc-eslint-parser@^1.0.0:
  version "1.4.1"
  resolved "1.4.1"
  integrity sha512-hXBrvsR1rdjmB2kQmUjf1rEIa+TqHBGMge8pwi++C+Si1ad7EjZrJcpgwym+QGK/pqTx+K7keFAtLlVNdLRJOg==
  dependencies:
    acorn "^7.4.1"
    eslint-utils "^2.1.0"
    eslint-visitor-keys "^1.3.0"
    espree "^6.0.0"
    semver "^6.3.0"

jsonc-eslint-parser@^1.4.1:
  version "1.4.1"
  resolved "1.4.1"
  integrity sha512-hXBrvsR1rdjmB2kQmUjf1rEIa+TqHBGMge8pwi++C+Si1ad7EjZrJcpgwym+QGK/pqTx+K7keFAtLlVNdLRJOg==
  dependencies:
    acorn "^7.4.1"
    eslint-utils "^2.1.0"
    eslint-visitor-keys "^1.3.0"
    espree "^6.0.0"
    semver "^6.3.0"

prettier-config-sexy-mode@latest:
  version "1.0.1"
  resolved "1.0.1"
  integrity sha512-6ZdAv6LW2vq++c5fqoh2MWrIZk9fi67o608xizEPYKPMjGUNDsqjJ/pYiJLp7yDHgGerEERc4bRQqlh8a9W6YA==
  dependencies:
    "@prettier/plugin-php" "^0.17.6"
    "@prettier/plugin-pug" "^1.19.2"
    "@prettier/plugin-ruby" "^2.0.0"
    "@prettier/plugin-xml" "^1.0.2"
    prettier "^2.4.1"
    prettier-plugin-go-template "^0.0.11"
    prettier-plugin-ini "^0.3.1"
    prettier-plugin-java "^1.6.1"
    prettier-plugin-jsdoc "^0.3.30"
    prettier-plugin-organize-imports "^2.3.4"
    prettier-plugin-package-perfection "^1.0.1"
    prettier-plugin-properties "^0.1.0"
    prettier-plugin-sh "^0.7.1"
    prettier-plugin-solidity "^1.0.0-beta.19"
    prettier-plugin-sql "^0.4.1"
    tslib "^2.3.1"

prettier-plugin-go-template@^0.0.11:
  version "0.0.11"
  resolved "0.0.11"
  integrity sha512-qtgoEjvbgmcDp9TOqYNgrPrA41s6S1UMyzMqjcxdxQahTX0webWfbamyA/x3XeBFEEJmgXrRAirzJrIVzImsMg==
  dependencies:
    ulid "^2.3.0"

prettier-plugin-ini@^0.3.1:
  version "0.3.1"
  resolved "0.3.1"
  integrity sha512-p2MPOpkf0ebBme4n8U3TD7/uC3azlEyPgbfgU/l5SCgAvSKmXmRMSxKxonhSoQAGtdwQWcEADJbmzl+X72yN4Q==
  dependencies:
    prettier ">=2.0"

prettier-plugin-java@^1.6.1:
  version "1.6.1"
  resolved "1.6.1"
  integrity sha512-kSY17V/P88nILlILb5iMp16TVJy6Ls9Jy4zAzI4+GsEuRDZH5VqRuLd8aJS1ImWxVgRjNBmoFOjxYyxkRM0SRA==
  dependencies:
    java-parser "2.0.1"
    lodash "4.17.21"
    prettier "2.3.1"

prettier-plugin-jsdoc@^0.3.30:
  version "0.3.30"
  resolved "0.3.30"
  integrity sha512-BTBojOMmrUA1qsWLpJN5whUfU/E72WBUQAB5AvrDkha+O8TxmqaAivnuW+87ItYGRPBFWWzj2r5iWELhBml1Ag==
  dependencies:
    binary-search-bounds "^2.0.5"
    comment-parser "^1.1.4"
    linguist-languages "^7.13.0"
    mdast-util-from-markdown "^0.8.5"

prettier-plugin-organize-imports@^2.3.4:
  version "2.3.4"
  resolved "2.3.4"
  integrity sha512-R8o23sf5iVL/U71h9SFUdhdOEPsi3nm42FD/oDYIZ2PQa4TNWWuWecxln6jlIQzpZTDMUeO1NicJP6lLn2TtRw==

prettier-plugin-package-perfection@^1.0.1:
  version "1.0.6"
  resolved "1.0.6"
  integrity sha512-7nxpRYdAdda6xiwrVDYDxcnxPfBu58JJPGtoJOwh2uohE6RfnUJOOjV76woXG8kO+mBptHAQtqoT6lsLRvatqA==
  dependencies:
    prettier-package-json "2.6.0"

prettier-plugin-properties@^0.1.0:
  version "0.1.0"
  resolved "0.1.0"
  integrity sha512-lObSgVaTVWSyYWxKMOzRGmvQp64S1qumu5vS91ZlMc198ay8EGUuDH+Tc019iMJXc2KNpdAYif2qAJA6mjTkgA==
  dependencies:
    dot-properties "^1.0.0"
    linguist-languages "^7.9.0"

prettier-plugin-sh@^0.7.1:
  version "0.7.1"
  resolved "0.7.1"
  integrity sha512-2MWRdGOSz0yf/z2kTKF1AqxDuH9MZD8faoDAz5ySGphxssi9oyM3Ys+jp7AfqsCXvGUDbRA4EJOlKS0yZKAW6w==
  dependencies:
    mvdan-sh "^0.5.0"

prettier-plugin-solidity@^1.0.0-beta.19:
  version "1.0.0-beta.19"
  resolved "1.0.0-beta.19"
  integrity sha512-xxRQ5ZiiZyUoMFLE9h7HnUDXI/daf1tnmL1msEdcKmyh7ZGQ4YklkYLC71bfBpYU2WruTb5/SFLUaEb3RApg5g==
  dependencies:
    "@solidity-parser/parser" "^0.14.0"
    emoji-regex "^10.0.0"
    escape-string-regexp "^4.0.0"
    semver "^7.3.5"
    solidity-comments-extractor "^0.0.7"
    string-width "^4.2.3"

prettier-plugin-sql@^0.4.1:
  version "0.4.1"
  resolved "0.4.1"
  integrity sha512-HSBn1f1ZbFIqWm9vVJcdQl1tzdh8qYZbBNK7z3iWhDO/DXM7gZH2HnS5r99e3tYqf34WIdo2nSCWaqylo+5fPw==
  dependencies:
    node-sql-parser "^4.0.0"
    sql-formatter "^4.0.2"

semantic-release-config@latest:
  version "1.1.18"
  resolved "1.1.18"
  integrity sha512-NtEpAQ7eOJD5kdv2EqdLWuH04vzNR2DVYNqVQgDnzDqM7X2RVeszSo10mLUyY8GpTgqOQTYqRfE4MmX+RVU2gA==
  dependencies:
    "@semantic-release/changelog" "^6.0.1"
    "@semantic-release/commit-analyzer" "^9.0.2"
    "@semantic-release/exec" "^6.0.3"
    "@semantic-release/git" "^10.0.1"
    "@semantic-release/gitlab" "^7.0.4"
    "@semantic-release/npm" "^9.0.0"
    "@semantic-release/release-notes-generator" "^10.0.3"
    conventional-changelog-emoji-config latest
    git-cz-emoji latest
    semantic-release "^19.0.2"
    semantic-release-gh latest
    semantic-release-npm-deprecate-old-versions "^1.3.2"
    semantic-release-python latest
    tslib "^2.3.1"
    yaml "^1.10.2"

toml-eslint-parser@^0.2.1:
  version "0.2.1"
  resolved "0.2.1"
  integrity sha512-lAESSx47NjCe/O9Y5dbAmP+U/EFvdxPRgA0Hp4TxCZP3Bs6hxRfLHxZvBuXvTGkVoK0DpYamPz/rCqYBzoFWVQ==
  dependencies:
    eslint-visitor-keys "^2.0.0"

typescript@^4.5.5:
  version "4.5.5"
  resolved "4.5.5"
  integrity sha512-TCTIul70LyWe6IJWT8QSYeA54WQe8EjQFU4wY52Fasj5UKx88LNYKCgBEHcOMOrFF1rKGbD8v/xcNWVUq9SymA==

yaml-eslint-parser@^0.4.0:
  version "0.4.1"
  resolved "0.4.1"
  integrity sha512-GoJ/p1EW8O2tbTbuhfxjo1XhfUFU3uX3kwvfEQoOaZjO2Lubx8POjlsSqB+18b3SxkujAdQYT9r9nURaUWNYWQ==
  dependencies:
    eslint-visitor-keys "^2.1.0"
    lodash "^4.17.20"
    yaml "^1.10.0"
