{
    "requires": true,
    "lockfileVersion": 1,
    "dependencies": {
      "crypto-js": {
        "version": "4.1.1",
        "resolved": "https://registry.npmjs.org/crypto-js/-/crypto-js-4.1.1.tgz",
        "integrity": "sha512-o2JlM7ydqd3Qk9CA0L4NL6mTzU2sdx96a+oOfPu8Mkl/PK51vSyoi8/rQ8NknZtk44vq15lmhAj9CIAGwgeWKw=="
      },
      "tabby-docker": {
        "version": "0.2.0",
        "resolved": "https://registry.npmjs.org/tabby-docker/-/tabby-docker-0.2.0.tgz",
        "integrity": "sha512-kEDZI33Xt7NnncPDhhbqREP809YevCnoVRYhzACvAkteODWorABCoKEuOrfi2I3DDwCHcMk0+fM0nCWy5C/JVg=="
      },
      "tabby-save-output": {
        "version": "3.1.0",
        "resolved": "https://registry.npmjs.org/tabby-save-output/-/tabby-save-output-3.1.0.tgz",
        "integrity": "sha512-4mGxpYSaeBzU8TkOrZudPmT3/YkT9fGXCesBp2XO9iql+2EELzkPLJUntlGYSBH0RQVRDYnl+IF8F65WPaaSxQ=="
      },
      "tabby-search-in-browser": {
        "version": "0.0.1",
        "resolved": "https://registry.npmjs.org/tabby-search-in-browser/-/tabby-search-in-browser-0.0.1.tgz",
        "integrity": "sha512-jb5UINTXBN6UR0xi+LWs7KdnE5qRV++ogy9lmkIJ9dDbBbVe7d6HKxneZcQVjQLjG+UYJNl/nElh8DPzFPMTSg=="
      },
      "tabby-workspace-manager": {
        "version": "0.0.4",
        "resolved": "https://registry.npmjs.org/tabby-workspace-manager/-/tabby-workspace-manager-0.0.4.tgz",
        "integrity": "sha512-O3etFcZxw68ZieS1q8VM01IW0M+rMyyBJpghYhz7WtNyckxfO/ir4AuXfb/kFz9ozOmI33/ff3UMY8yJjIJ6qw=="
      },
      "terminus-elastic-quick-cmds": {
        "version": "1.1.1",
        "resolved": "https://registry.npmjs.org/terminus-elastic-quick-cmds/-/terminus-elastic-quick-cmds-1.1.1.tgz",
        "integrity": "sha512-PDWQ5MKs8UuPE1O/Nk63RSz661big/uuWWaRIZFSYfdqvrUWK186xNcUFioBWOnyNVvdLI4H+mxektmW2TnHrA=="
      }
    }
  }
  